
Microsoft Visual Studio Solution File, Format Version 12.00
# Visual Studio Version 16
VisualStudioVersion = 16.0.30804.86
MinimumVisualStudioVersion = 10.0.40219.1
Project("{9A19103F-16F7-4668-BE54-9A1E7A4F7556}") = "MarkDownEditorControl", "MarkDownEditorControl\MarkDownEditorControl.csproj", "{6207735C-9535-4F1A-8115-C62B82BA9AE7}"
EndProject
Project("{9A19103F-16F7-4668-BE54-9A1E7A4F7556}") = "_build", "build\_build.csproj", "{2E6B2560-8FEB-4939-BB6E-04B8E156F586}"
EndProject
Project("{FAE04EC0-301F-11D3-BF4B-00C04F79EFBC}") = "TestApp", "TestApp\TestApp.csproj", "{97B58B1C-D2A3-4105-95E0-E4702D04EC47}"
EndProject
Global
	GlobalSection(SolutionConfigurationPlatforms) = preSolution
		Debug|Any CPU = Debug|Any CPU
		Release|Any CPU = Release|Any CPU
	EndGlobalSection
	GlobalSection(ProjectConfigurationPlatforms) = postSolution
		{6207735C-9535-4F1A-8115-C62B82BA9AE7}.Debug|Any CPU.ActiveCfg = Debug|Any CPU
		{6207735C-9535-4F1A-8115-C62B82BA9AE7}.Debug|Any CPU.Build.0 = Debug|Any CPU
		{6207735C-9535-4F1A-8115-C62B82BA9AE7}.Release|Any CPU.ActiveCfg = Release|Any CPU
		{6207735C-9535-4F1A-8115-C62B82BA9AE7}.Release|Any CPU.Build.0 = Release|Any CPU
		{2E6B2560-8FEB-4939-BB6E-04B8E156F586}.Debug|Any CPU.ActiveCfg = Debug|Any CPU
		{2E6B2560-8FEB-4939-BB6E-04B8E156F586}.Release|Any CPU.ActiveCfg = Release|Any CPU
		{97B58B1C-D2A3-4105-95E0-E4702D04EC47}.Debug|Any CPU.ActiveCfg = Debug|Any CPU
		{97B58B1C-D2A3-4105-95E0-E4702D04EC47}.Debug|Any CPU.Build.0 = Debug|Any CPU
		{97B58B1C-D2A3-4105-95E0-E4702D04EC47}.Release|Any CPU.ActiveCfg = Release|Any CPU
		{97B58B1C-D2A3-4105-95E0-E4702D04EC47}.Release|Any CPU.Build.0 = Release|Any CPU
	EndGlobalSection
	GlobalSection(SolutionProperties) = preSolution
		HideSolutionNode = FALSE
	EndGlobalSection
	GlobalSection(ExtensibilityGlobals) = postSolution
		SolutionGuid = {44E4F084-82EC-4B41-B332-EEC813097A74}
	EndGlobalSection
EndGlobal
